// !$*UTF8*$!
{
	archiveVersion = 1;
	classes = {
	};
	objectVersion = 55;
	objects = {

/* Begin PBXBuildFile section */
		C248BE942888F2A900FAD94C /* flazhcardApp.swift in Sources */ = {isa = PBXBuildFile; fileRef = C248BE932888F2A900FAD94C /* flazhcardApp.swift */; };
		C248BE962888F2A900FAD94C /* notesCategoryView.swift in Sources */ = {isa = PBXBuildFile; fileRef = C248BE952888F2A900FAD94C /* notesCategoryView.swift */; };
		C248BE982888F2AB00FAD94C /* Assets.xcassets in Resources */ = {isa = PBXBuildFile; fileRef = C248BE972888F2AB00FAD94C /* Assets.xcassets */; };
		C248BE9B2888F2AB00FAD94C /* Preview Assets.xcassets in Resources */ = {isa = PBXBuildFile; fileRef = C248BE9A2888F2AB00FAD94C /* Preview Assets.xcassets */; };
		C248BE9D2888F2AB00FAD94C /* Persistence.swift in Sources */ = {isa = PBXBuildFile; fileRef = C248BE9C2888F2AB00FAD94C /* Persistence.swift */; };
		C248BEA02888F2AB00FAD94C /* flazhcard.xcdatamodeld in Sources */ = {isa = PBXBuildFile; fileRef = C248BE9E2888F2AB00FAD94C /* flazhcard.xcdatamodeld */; };
		C248BEAB2889A56000FAD94C /* OnboardingContentView.swift in Sources */ = {isa = PBXBuildFile; fileRef = C248BEAA2889A56000FAD94C /* OnboardingContentView.swift */; };
		C248BEAD288A3D2D00FAD94C /* OnboardingContainerView.swift in Sources */ = {isa = PBXBuildFile; fileRef = C248BEAC288A3D2D00FAD94C /* OnboardingContainerView.swift */; };
		C248BEAF288A40AC00FAD94C /* OnboardingModel.swift in Sources */ = {isa = PBXBuildFile; fileRef = C248BEAE288A40AC00FAD94C /* OnboardingModel.swift */; };
		C248BEB3288CF58900FAD94C /* FlazhCardView.swift in Sources */ = {isa = PBXBuildFile; fileRef = C248BEB2288CF58900FAD94C /* FlazhCardView.swift */; };
		C248BEC3288E52CC00FAD94C /* Poppins-Medium.ttf in Resources */ = {isa = PBXBuildFile; fileRef = C248BEBF288E52CC00FAD94C /* Poppins-Medium.ttf */; };
		C248BEC4288E52CC00FAD94C /* Poppins-SemiBold.ttf in Resources */ = {isa = PBXBuildFile; fileRef = C248BEC0288E52CC00FAD94C /* Poppins-SemiBold.ttf */; };
		C248BEC5288E52CC00FAD94C /* Poppins-Regular.ttf in Resources */ = {isa = PBXBuildFile; fileRef = C248BEC1288E52CC00FAD94C /* Poppins-Regular.ttf */; };
		C248BEC6288E52CC00FAD94C /* Poppins-Bold.ttf in Resources */ = {isa = PBXBuildFile; fileRef = C248BEC2288E52CC00FAD94C /* Poppins-Bold.ttf */; };
		C248BEC9288F8F3A00FAD94C /* notesCategoryDetailsView.swift in Sources */ = {isa = PBXBuildFile; fileRef = C248BEC8288F8F3A00FAD94C /* notesCategoryDetailsView.swift */; };
		C248BECB288F9AC900FAD94C /* addFlazhCardView.swift in Sources */ = {isa = PBXBuildFile; fileRef = C248BECA288F9AC900FAD94C /* addFlazhCardView.swift */; };
		C281BE2C289027DF00153D21 /* addNotesCategoryAlertView.swift in Sources */ = {isa = PBXBuildFile; fileRef = C281BE2B289027DF00153D21 /* addNotesCategoryAlertView.swift */; };
/* End PBXBuildFile section */

/* Begin PBXFileReference section */
		C248BE902888F2A900FAD94C /* flazhcard.app */ = {isa = PBXFileReference; explicitFileType = wrapper.application; includeInIndex = 0; path = flazhcard.app; sourceTree = BUILT_PRODUCTS_DIR; };
		C248BE932888F2A900FAD94C /* flazhcardApp.swift */ = {isa = PBXFileReference; lastKnownFileType = sourcecode.swift; path = flazhcardApp.swift; sourceTree = "<group>"; };
		C248BE952888F2A900FAD94C /* notesCategoryView.swift */ = {isa = PBXFileReference; lastKnownFileType = sourcecode.swift; path = notesCategoryView.swift; sourceTree = "<group>"; };
		C248BE972888F2AB00FAD94C /* Assets.xcassets */ = {isa = PBXFileReference; lastKnownFileType = folder.assetcatalog; path = Assets.xcassets; sourceTree = "<group>"; };
		C248BE9A2888F2AB00FAD94C /* Preview Assets.xcassets */ = {isa = PBXFileReference; lastKnownFileType = folder.assetcatalog; path = "Preview Assets.xcassets"; sourceTree = "<group>"; };
		C248BE9C2888F2AB00FAD94C /* Persistence.swift */ = {isa = PBXFileReference; lastKnownFileType = sourcecode.swift; path = Persistence.swift; sourceTree = "<group>"; };
		C248BE9F2888F2AB00FAD94C /* flazhcard.xcdatamodel */ = {isa = PBXFileReference; lastKnownFileType = wrapper.xcdatamodel; path = flazhcard.xcdatamodel; sourceTree = "<group>"; };
		C248BEAA2889A56000FAD94C /* OnboardingContentView.swift */ = {isa = PBXFileReference; lastKnownFileType = sourcecode.swift; path = OnboardingContentView.swift; sourceTree = "<group>"; };
		C248BEAC288A3D2D00FAD94C /* OnboardingContainerView.swift */ = {isa = PBXFileReference; lastKnownFileType = sourcecode.swift; path = OnboardingContainerView.swift; sourceTree = "<group>"; };
		C248BEAE288A40AC00FAD94C /* OnboardingModel.swift */ = {isa = PBXFileReference; lastKnownFileType = sourcecode.swift; path = OnboardingModel.swift; sourceTree = "<group>"; };
		C248BEB2288CF58900FAD94C /* FlazhCardView.swift */ = {isa = PBXFileReference; lastKnownFileType = sourcecode.swift; path = FlazhCardView.swift; sourceTree = "<group>"; };
		C248BEBE288E512D00FAD94C /* Info.plist */ = {isa = PBXFileReference; lastKnownFileType = text.plist; path = Info.plist; sourceTree = "<group>"; };
		C248BEBF288E52CC00FAD94C /* Poppins-Medium.ttf */ = {isa = PBXFileReference; lastKnownFileType = file; path = "Poppins-Medium.ttf"; sourceTree = "<group>"; };
		C248BEC0288E52CC00FAD94C /* Poppins-SemiBold.ttf */ = {isa = PBXFileReference; lastKnownFileType = file; path = "Poppins-SemiBold.ttf"; sourceTree = "<group>"; };
		C248BEC1288E52CC00FAD94C /* Poppins-Regular.ttf */ = {isa = PBXFileReference; lastKnownFileType = file; path = "Poppins-Regular.ttf"; sourceTree = "<group>"; };
		C248BEC2288E52CC00FAD94C /* Poppins-Bold.ttf */ = {isa = PBXFileReference; lastKnownFileType = file; path = "Poppins-Bold.ttf"; sourceTree = "<group>"; };
		C248BEC8288F8F3A00FAD94C /* notesCategoryDetailsView.swift */ = {isa = PBXFileReference; lastKnownFileType = sourcecode.swift; path = notesCategoryDetailsView.swift; sourceTree = "<group>"; };
		C248BECA288F9AC900FAD94C /* addFlazhCardView.swift */ = {isa = PBXFileReference; lastKnownFileType = sourcecode.swift; path = addFlazhCardView.swift; sourceTree = "<group>"; };
		C281BE2B289027DF00153D21 /* addNotesCategoryAlertView.swift */ = {isa = PBXFileReference; lastKnownFileType = sourcecode.swift; path = addNotesCategoryAlertView.swift; sourceTree = "<group>"; };
/* End PBXFileReference section */

/* Begin PBXFrameworksBuildPhase section */
		C248BE8D2888F2A900FAD94C /* Frameworks */ = {
			isa = PBXFrameworksBuildPhase;
			buildActionMask = 2147483647;
			files = (
			);
			runOnlyForDeploymentPostprocessing = 0;
		};
/* End PBXFrameworksBuildPhase section */

/* Begin PBXGroup section */
		C248BE872888F2A900FAD94C = {
			isa = PBXGroup;
			children = (
				C248BE922888F2A900FAD94C /* flazhcard */,
				C248BE912888F2A900FAD94C /* Products */,
			);
			sourceTree = "<group>";
		};
		C248BE912888F2A900FAD94C /* Products */ = {
			isa = PBXGroup;
			children = (
				C248BE902888F2A900FAD94C /* flazhcard.app */,
			);
			name = Products;
			sourceTree = "<group>";
		};
		C248BE922888F2A900FAD94C /* flazhcard */ = {
			isa = PBXGroup;
			children = (
				C248BEBE288E512D00FAD94C /* Info.plist */,
				C248BE932888F2A900FAD94C /* flazhcardApp.swift */,
				C248BE952888F2A900FAD94C /* notesCategoryView.swift */,
				C248BEC8288F8F3A00FAD94C /* notesCategoryDetailsView.swift */,
				C248BECA288F9AC900FAD94C /* addFlazhCardView.swift */,
				C281BE2B289027DF00153D21 /* addNotesCategoryAlertView.swift */,
				C248BEB4288E3B5300FAD94C /* Onboarding */,
				C248BEB2288CF58900FAD94C /* FlazhCardView.swift */,
				C248BE972888F2AB00FAD94C /* Assets.xcassets */,
				C248BE9C2888F2AB00FAD94C /* Persistence.swift */,
				C248BE9E2888F2AB00FAD94C /* flazhcard.xcdatamodeld */,
				C248BEC7288E52D400FAD94C /* Fonts */,
				C248BE992888F2AB00FAD94C /* Preview Content */,
			);
			path = flazhcard;
			sourceTree = "<group>";
		};
		C248BE992888F2AB00FAD94C /* Preview Content */ = {
			isa = PBXGroup;
			children = (
				C248BE9A2888F2AB00FAD94C /* Preview Assets.xcassets */,
			);
			path = "Preview Content";
			sourceTree = "<group>";
		};
		C248BEB4288E3B5300FAD94C /* Onboarding */ = {
			isa = PBXGroup;
			children = (
				C248BEAA2889A56000FAD94C /* OnboardingContentView.swift */,
				C248BEAC288A3D2D00FAD94C /* OnboardingContainerView.swift */,
				C248BEAE288A40AC00FAD94C /* OnboardingModel.swift */,
			);
			path = Onboarding;
			sourceTree = "<group>";
		};
		C248BEC7288E52D400FAD94C /* Fonts */ = {
			isa = PBXGroup;
			children = (
				C248BEC2288E52CC00FAD94C /* Poppins-Bold.ttf */,
				C248BEBF288E52CC00FAD94C /* Poppins-Medium.ttf */,
				C248BEC1288E52CC00FAD94C /* Poppins-Regular.ttf */,
				C248BEC0288E52CC00FAD94C /* Poppins-SemiBold.ttf */,
			);
			path = Fonts;
			sourceTree = "<group>";
		};
/* End PBXGroup section */

/* Begin PBXNativeTarget section */
		C248BE8F2888F2A900FAD94C /* flazhcard */ = {
			isa = PBXNativeTarget;
			buildConfigurationList = C248BEA32888F2AB00FAD94C /* Build configuration list for PBXNativeTarget "flazhcard" */;
			buildPhases = (
				C248BE8C2888F2A900FAD94C /* Sources */,
				C248BE8D2888F2A900FAD94C /* Frameworks */,
				C248BE8E2888F2A900FAD94C /* Resources */,
			);
			buildRules = (
			);
			dependencies = (
			);
			name = flazhcard;
			productName = flazhcard;
			productReference = C248BE902888F2A900FAD94C /* flazhcard.app */;
			productType = "com.apple.product-type.application";
		};
/* End PBXNativeTarget section */

/* Begin PBXProject section */
		C248BE882888F2A900FAD94C /* Project object */ = {
			isa = PBXProject;
			attributes = {
				BuildIndependentTargetsInParallel = 1;
				LastSwiftUpdateCheck = 1340;
				LastUpgradeCheck = 1340;
				TargetAttributes = {
					C248BE8F2888F2A900FAD94C = {
						CreatedOnToolsVersion = 13.4.1;
					};
				};
			};
			buildConfigurationList = C248BE8B2888F2A900FAD94C /* Build configuration list for PBXProject "flazhcard" */;
			compatibilityVersion = "Xcode 13.0";
			developmentRegion = en;
			hasScannedForEncodings = 0;
			knownRegions = (
				en,
				Base,
			);
			mainGroup = C248BE872888F2A900FAD94C;
			productRefGroup = C248BE912888F2A900FAD94C /* Products */;
			projectDirPath = "";
			projectRoot = "";
			targets = (
				C248BE8F2888F2A900FAD94C /* flazhcard */,
			);
		};
/* End PBXProject section */

/* Begin PBXResourcesBuildPhase section */
		C248BE8E2888F2A900FAD94C /* Resources */ = {
			isa = PBXResourcesBuildPhase;
			buildActionMask = 2147483647;
			files = (
				C248BEC3288E52CC00FAD94C /* Poppins-Medium.ttf in Resources */,
				C248BEC6288E52CC00FAD94C /* Poppins-Bold.ttf in Resources */,
				C248BEC4288E52CC00FAD94C /* Poppins-SemiBold.ttf in Resources */,
				C248BE9B2888F2AB00FAD94C /* Preview Assets.xcassets in Resources */,
				C248BE982888F2AB00FAD94C /* Assets.xcassets in Resources */,
				C248BEC5288E52CC00FAD94C /* Poppins-Regular.ttf in Resources */,
			);
			runOnlyForDeploymentPostprocessing = 0;
		};
/* End PBXResourcesBuildPhase section */

/* Begin PBXSourcesBuildPhase section */
		C248BE8C2888F2A900FAD94C /* Sources */ = {
			isa = PBXSourcesBuildPhase;
			buildActionMask = 2147483647;
			files = (
				C248BEC9288F8F3A00FAD94C /* notesCategoryDetailsView.swift in Sources */,
				C281BE2C289027DF00153D21 /* addNotesCategoryAlertView.swift in Sources */,
				C248BE9D2888F2AB00FAD94C /* Persistence.swift in Sources */,
				C248BEA02888F2AB00FAD94C /* flazhcard.xcdatamodeld in Sources */,
				C248BE962888F2A900FAD94C /* notesCategoryView.swift in Sources */,
				C248BEAF288A40AC00FAD94C /* OnboardingModel.swift in Sources */,
				C248BEAD288A3D2D00FAD94C /* OnboardingContainerView.swift in Sources */,
				C248BECB288F9AC900FAD94C /* addFlazhCardView.swift in Sources */,
				C248BEB3288CF58900FAD94C /* FlazhCardView.swift in Sources */,
				C248BE942888F2A900FAD94C /* flazhcardApp.swift in Sources */,
				C248BEAB2889A56000FAD94C /* OnboardingContentView.swift in Sources */,
			);
			runOnlyForDeploymentPostprocessing = 0;
		};
/* End PBXSourcesBuildPhase section */

/* Begin XCBuildConfiguration section */
		C248BEA12888F2AB00FAD94C /* Debug */ = {
			isa = XCBuildConfiguration;
			buildSettings = {
				ALWAYS_SEARCH_USER_PATHS = NO;
				CLANG_ANALYZER_NONNULL = YES;
				CLANG_ANALYZER_NUMBER_OBJECT_CONVERSION = YES_AGGRESSIVE;
				CLANG_CXX_LANGUAGE_STANDARD = "gnu++17";
				CLANG_ENABLE_MODULES = YES;
				CLANG_ENABLE_OBJC_ARC = YES;
				CLANG_ENABLE_OBJC_WEAK = YES;
				CLANG_WARN_BLOCK_CAPTURE_AUTORELEASING = YES;
				CLANG_WARN_BOOL_CONVERSION = YES;
				CLANG_WARN_COMMA = YES;
				CLANG_WARN_CONSTANT_CONVERSION = YES;
				CLANG_WARN_DEPRECATED_OBJC_IMPLEMENTATIONS = YES;
				CLANG_WARN_DIRECT_OBJC_ISA_USAGE = YES_ERROR;
				CLANG_WARN_DOCUMENTATION_COMMENTS = YES;
				CLANG_WARN_EMPTY_BODY = YES;
				CLANG_WARN_ENUM_CONVERSION = YES;
				CLANG_WARN_INFINITE_RECURSION = YES;
				CLANG_WARN_INT_CONVERSION = YES;
				CLANG_WARN_NON_LITERAL_NULL_CONVERSION = YES;
				CLANG_WARN_OBJC_IMPLICIT_RETAIN_SELF = YES;
				CLANG_WARN_OBJC_LITERAL_CONVERSION = YES;
				CLANG_WARN_OBJC_ROOT_CLASS = YES_ERROR;
				CLANG_WARN_QUOTED_INCLUDE_IN_FRAMEWORK_HEADER = YES;
				CLANG_WARN_RANGE_LOOP_ANALYSIS = YES;
				CLANG_WARN_STRICT_PROTOTYPES = YES;
				CLANG_WARN_SUSPICIOUS_MOVE = YES;
				CLANG_WARN_UNGUARDED_AVAILABILITY = YES_AGGRESSIVE;
				CLANG_WARN_UNREACHABLE_CODE = YES;
				CLANG_WARN__DUPLICATE_METHOD_MATCH = YES;
				COPY_PHASE_STRIP = NO;
				DEBUG_INFORMATION_FORMAT = dwarf;
				ENABLE_STRICT_OBJC_MSGSEND = YES;
				ENABLE_TESTABILITY = YES;
				GCC_C_LANGUAGE_STANDARD = gnu11;
				GCC_DYNAMIC_NO_PIC = NO;
				GCC_NO_COMMON_BLOCKS = YES;
				GCC_OPTIMIZATION_LEVEL = 0;
				GCC_PREPROCESSOR_DEFINITIONS = (
					"DEBUG=1",
					"$(inherited)",
				);
				GCC_WARN_64_TO_32_BIT_CONVERSION = YES;
				GCC_WARN_ABOUT_RETURN_TYPE = YES_ERROR;
				GCC_WARN_UNDECLARED_SELECTOR = YES;
				GCC_WARN_UNINITIALIZED_AUTOS = YES_AGGRESSIVE;
				GCC_WARN_UNUSED_FUNCTION = YES;
				GCC_WARN_UNUSED_VARIABLE = YES;
				IPHONEOS_DEPLOYMENT_TARGET = 15.5;
				MTL_ENABLE_DEBUG_INFO = INCLUDE_SOURCE;
				MTL_FAST_MATH = YES;
				ONLY_ACTIVE_ARCH = YES;
				SDKROOT = iphoneos;
				SWIFT_ACTIVE_COMPILATION_CONDITIONS = DEBUG;
				SWIFT_OPTIMIZATION_LEVEL = "-Onone";
			};
			name = Debug;
		};
		C248BEA22888F2AB00FAD94C /* Release */ = {
			isa = XCBuildConfiguration;
			buildSettings = {
				ALWAYS_SEARCH_USER_PATHS = NO;
				CLANG_ANALYZER_NONNULL = YES;
				CLANG_ANALYZER_NUMBER_OBJECT_CONVERSION = YES_AGGRESSIVE;
				CLANG_CXX_LANGUAGE_STANDARD = "gnu++17";
				CLANG_ENABLE_MODULES = YES;
				CLANG_ENABLE_OBJC_ARC = YES;
				CLANG_ENABLE_OBJC_WEAK = YES;
				CLANG_WARN_BLOCK_CAPTURE_AUTORELEASING = YES;
				CLANG_WARN_BOOL_CONVERSION = YES;
				CLANG_WARN_COMMA = YES;
				CLANG_WARN_CONSTANT_CONVERSION = YES;
				CLANG_WARN_DEPRECATED_OBJC_IMPLEMENTATIONS = YES;
				CLANG_WARN_DIRECT_OBJC_ISA_USAGE = YES_ERROR;
				CLANG_WARN_DOCUMENTATION_COMMENTS = YES;
				CLANG_WARN_EMPTY_BODY = YES;
				CLANG_WARN_ENUM_CONVERSION = YES;
				CLANG_WARN_INFINITE_RECURSION = YES;
				CLANG_WARN_INT_CONVERSION = YES;
				CLANG_WARN_NON_LITERAL_NULL_CONVERSION = YES;
				CLANG_WARN_OBJC_IMPLICIT_RETAIN_SELF = YES;
				CLANG_WARN_OBJC_LITERAL_CONVERSION = YES;
				CLANG_WARN_OBJC_ROOT_CLASS = YES_ERROR;
				CLANG_WARN_QUOTED_INCLUDE_IN_FRAMEWORK_HEADER = YES;
				CLANG_WARN_RANGE_LOOP_ANALYSIS = YES;
				CLANG_WARN_STRICT_PROTOTYPES = YES;
				CLANG_WARN_SUSPICIOUS_MOVE = YES;
				CLANG_WARN_UNGUARDED_AVAILABILITY = YES_AGGRESSIVE;
				CLANG_WARN_UNREACHABLE_CODE = YES;
				CLANG_WARN__DUPLICATE_METHOD_MATCH = YES;
				COPY_PHASE_STRIP = NO;
				DEBUG_INFORMATION_FORMAT = "dwarf-with-dsym";
				ENABLE_NS_ASSERTIONS = NO;
				ENABLE_STRICT_OBJC_MSGSEND = YES;
				GCC_C_LANGUAGE_STANDARD = gnu11;
				GCC_NO_COMMON_BLOCKS = YES;
				GCC_WARN_64_TO_32_BIT_CONVERSION = YES;
				GCC_WARN_ABOUT_RETURN_TYPE = YES_ERROR;
				GCC_WARN_UNDECLARED_SELECTOR = YES;
				GCC_WARN_UNINITIALIZED_AUTOS = YES_AGGRESSIVE;
				GCC_WARN_UNUSED_FUNCTION = YES;
				GCC_WARN_UNUSED_VARIABLE = YES;
				IPHONEOS_DEPLOYMENT_TARGET = 15.5;
				MTL_ENABLE_DEBUG_INFO = NO;
				MTL_FAST_MATH = YES;
				SDKROOT = iphoneos;
				SWIFT_COMPILATION_MODE = wholemodule;
				SWIFT_OPTIMIZATION_LEVEL = "-O";
				VALIDATE_PRODUCT = YES;
			};
			name = Release;
		};
		C248BEA42888F2AB00FAD94C /* Debug */ = {
			isa = XCBuildConfiguration;
			buildSettings = {
				ASSETCATALOG_COMPILER_APPICON_NAME = AppIcon;
				ASSETCATALOG_COMPILER_GLOBAL_ACCENT_COLOR_NAME = AccentColor;
				CODE_SIGN_STYLE = Automatic;
				CURRENT_PROJECT_VERSION = 1;
				DEVELOPMENT_ASSET_PATHS = "\"flazhcard/Preview Content\"";
				DEVELOPMENT_TEAM = 8F64K5MPSU;
				ENABLE_PREVIEWS = YES;
				GENERATE_INFOPLIST_FILE = YES;
				INFOPLIST_FILE = flazhcard/Info.plist;
				INFOPLIST_KEY_UIApplicationSceneManifest_Generation = YES;
				INFOPLIST_KEY_UIApplicationSupportsIndirectInputEvents = YES;
				INFOPLIST_KEY_UILaunchScreen_Generation = YES;
				INFOPLIST_KEY_UISupportedInterfaceOrientations_iPad = "UIInterfaceOrientationPortrait UIInterfaceOrientationPortraitUpsideDown UIInterfaceOrientationLandscapeLeft UIInterfaceOrientationLandscapeRight";
				INFOPLIST_KEY_UISupportedInterfaceOrientations_iPhone = "UIInterfaceOrientationPortrait UIInterfaceOrientationLandscapeLeft UIInterfaceOrientationLandscapeRight";
				LD_RUNPATH_SEARCH_PATHS = (
					"$(inherited)",
					"@executable_path/Frameworks",
				);
				MARKETING_VERSION = 1.0;
				PRODUCT_BUNDLE_IDENTIFIER = com.Flazhcard.flazhcard;
				PRODUCT_NAME = "$(TARGET_NAME)";
				SWIFT_EMIT_LOC_STRINGS = YES;
				SWIFT_VERSION = 5.0;
				TARGETED_DEVICE_FAMILY = "1,2";
			};
			name = Debug;
		};
		C248BEA52888F2AB00FAD94C /* Release */ = {
			isa = XCBuildConfiguration;
			buildSettings = {
				ASSETCATALOG_COMPILER_APPICON_NAME = AppIcon;
				ASSETCATALOG_COMPILER_GLOBAL_ACCENT_COLOR_NAME = AccentColor;
				CODE_SIGN_STYLE = Automatic;
				CURRENT_PROJECT_VERSION = 1;
				DEVELOPMENT_ASSET_PATHS = "\"flazhcard/Preview Content\"";
				DEVELOPMENT_TEAM = 8F64K5MPSU;
				ENABLE_PREVIEWS = YES;
				GENERATE_INFOPLIST_FILE = YES;
				INFOPLIST_FILE = flazhcard/Info.plist;
				INFOPLIST_KEY_UIApplicationSceneManifest_Generation = YES;
				INFOPLIST_KEY_UIApplicationSupportsIndirectInputEvents = YES;
				INFOPLIST_KEY_UILaunchScreen_Generation = YES;
				INFOPLIST_KEY_UISupportedInterfaceOrientations_iPad = "UIInterfaceOrientationPortrait UIInterfaceOrientationPortraitUpsideDown UIInterfaceOrientationLandscapeLeft UIInterfaceOrientationLandscapeRight";
				INFOPLIST_KEY_UISupportedInterfaceOrientations_iPhone = "UIInterfaceOrientationPortrait UIInterfaceOrientationLandscapeLeft UIInterfaceOrientationLandscapeRight";
				LD_RUNPATH_SEARCH_PATHS = (
					"$(inherited)",
					"@executable_path/Frameworks",
				);
				MARKETING_VERSION = 1.0;
				PRODUCT_BUNDLE_IDENTIFIER = com.Flazhcard.flazhcard;
				PRODUCT_NAME = "$(TARGET_NAME)";
				SWIFT_EMIT_LOC_STRINGS = YES;
				SWIFT_VERSION = 5.0;
				TARGETED_DEVICE_FAMILY = "1,2";
			};
			name = Release;
		};
/* End XCBuildConfiguration section */

/* Begin XCConfigurationList section */
		C248BE8B2888F2A900FAD94C /* Build configuration list for PBXProject "flazhcard" */ = {
			isa = XCConfigurationList;
			buildConfigurations = (
				C248BEA12888F2AB00FAD94C /* Debug */,
				C248BEA22888F2AB00FAD94C /* Release */,
			);
			defaultConfigurationIsVisible = 0;
			defaultConfigurationName = Release;
		};
		C248BEA32888F2AB00FAD94C /* Build configuration list for PBXNativeTarget "flazhcard" */ = {
			isa = XCConfigurationList;
			buildConfigurations = (
				C248BEA42888F2AB00FAD94C /* Debug */,
				C248BEA52888F2AB00FAD94C /* Release */,
			);
			defaultConfigurationIsVisible = 0;
			defaultConfigurationName = Release;
		};
/* End XCConfigurationList section */

/* Begin XCVersionGroup section */
		C248BE9E2888F2AB00FAD94C /* flazhcard.xcdatamodeld */ = {
			isa = XCVersionGroup;
			children = (
				C248BE9F2888F2AB00FAD94C /* flazhcard.xcdatamodel */,
			);
			currentVersion = C248BE9F2888F2AB00FAD94C /* flazhcard.xcdatamodel */;
			path = flazhcard.xcdatamodeld;
			sourceTree = "<group>";
			versionGroupType = wrapper.xcdatamodel;
		};
/* End XCVersionGroup section */
	};
	rootObject = C248BE882888F2A900FAD94C /* Project object */;
}
